PODS:
  - FlutterMacOS (1.0.0)
  - sherpa_onnx_macos (1.13.3):
    - FlutterMacOS

DEPENDENCIES:
  - FlutterMacOS (from `Flutter/ephemeral`)
  - sherpa_onnx_macos (from `Flutter/ephemeral/.symlinks/plugins/sherpa_onnx_macos/macos`)

EXTERNAL SOURCES:
  FlutterMacOS:
    :path: Flutter/ephemeral
  sherpa_onnx_macos:
    :path: Flutter/ephemeral/.symlinks/plugins/sherpa_onnx_macos/macos

SPEC CHECKSUMS:
  FlutterMacOS: d0db08ddef1a9af05a5ec4b724367152bb0500b1
  sherpa_onnx_macos: 5070275f3e5cccf906e56da1e0d3975b05522a53

PODFILE CHECKSUM: c0a2f8f95f78cf4bc29444c3d6c7d0a1ec7cd206

COCOAPODS: 1.16.2
