PODS:
  - ffmpeg_kit_flutter_new (1.0.0):
    - ffmpeg_kit_flutter_new/full-gpl (= 1.0.0)
    - Flutter
  - ffmpeg_kit_flutter_new/full-gpl (1.0.0):
    - Flutter
  - Flutter (1.0.0)
  - sherpa_onnx_ios (1.13.3):
    - Flutter

DEPENDENCIES:
  - ffmpeg_kit_flutter_new (from `.symlinks/plugins/ffmpeg_kit_flutter_new/ios`)
  - Flutter (from `Flutter`)
  - sherpa_onnx_ios (from `.symlinks/plugins/sherpa_onnx_ios/ios`)

EXTERNAL SOURCES:
  ffmpeg_kit_flutter_new:
    :path: ".symlinks/plugins/ffmpeg_kit_flutter_new/ios"
  Flutter:
    :path: Flutter
  sherpa_onnx_ios:
    :path: ".symlinks/plugins/sherpa_onnx_ios/ios"

SPEC CHECKSUMS:
  ffmpeg_kit_flutter_new: 12426a19f10ac81186c67c6ebc4717f8f4364b7f
  Flutter: cabc95a1d2626b1b06e7179b784ebcf0c0cde467
  sherpa_onnx_ios: 0f9313326cfea79185f98aeb25dbcf647c9210c8

PODFILE CHECKSUM: 683f46f30e0b52274ad1661221f2891fcc6989f1

COCOAPODS: 1.16.2
